// !$*UTF8*$!
{
	archiveVersion = 1;
	classes = {
	};
	objectVersion = 50;
	objects = {

/* Begin PBXBuildFile section */
		101D1C14256A4E5300B8E103 /* HomeView.swift in Sources */ = {isa = PBXBuildFile; fileRef = 101D1C13256A4E5300B8E103 /* HomeView.swift */; };
		101D1C1B256B422F00B8E103 /* ProfileHomeView.swift in Sources */ = {isa = PBXBuildFile; fileRef = 101D1C1A256B422F00B8E103 /* ProfileHomeView.swift */; };
		101D1C26256B424300B8E103 /* PlaysHomeView.swift in Sources */ = {isa = PBXBuildFile; fileRef = 101D1C25256B424300B8E103 /* PlaysHomeView.swift */; };
		101D1C34256B9D0700B8E103 /* LocalPlayersView.swift in Sources */ = {isa = PBXBuildFile; fileRef = 101D1C33256B9D0700B8E103 /* LocalPlayersView.swift */; };
		101D1C39256BA65200B8E103 /* SettingView.swift in Sources */ = {isa = PBXBuildFile; fileRef = 101D1C38256BA65200B8E103 /* SettingView.swift */; };
		101D1C49256CA89B00B8E103 /* Player.swift in Sources */ = {isa = PBXBuildFile; fileRef = 101D1C48256CA89B00B8E103 /* Player.swift */; };
		101D1C52256CAA2500B8E103 /* StringExtension.swift in Sources */ = {isa = PBXBuildFile; fileRef = 101D1C51256CAA2500B8E103 /* StringExtension.swift */; };
		101D1C58256CAAE700B8E103 /* PlayerRow.swift in Sources */ = {isa = PBXBuildFile; fileRef = 101D1C57256CAAE700B8E103 /* PlayerRow.swift */; };
		101D1C60256CAD6600B8E103 /* AvatarView.swift in Sources */ = {isa = PBXBuildFile; fileRef = 101D1C5F256CAD6600B8E103 /* AvatarView.swift */; };
		101D1C7B256CB1E900B8E103 /* Data.swift in Sources */ = {isa = PBXBuildFile; fileRef = 101D1C7A256CB1E900B8E103 /* Data.swift */; };
		101D1CB9256CD51700B8E103 /* playerPreviewData.json in Resources */ = {isa = PBXBuildFile; fileRef = 101D1C68256CAF5A00B8E103 /* playerPreviewData.json */; };
		101D1CBF256CD56700B8E103 /* PlayerExtension.swift in Sources */ = {isa = PBXBuildFile; fileRef = 101D1CBE256CD56700B8E103 /* PlayerExtension.swift */; };
		102CB328256A4461007165BD /* BoardGameScorerApp.swift in Sources */ = {isa = PBXBuildFile; fileRef = 102CB327256A4461007165BD /* BoardGameScorerApp.swift */; };
		102CB32A256A4461007165BD /* ContentView.swift in Sources */ = {isa = PBXBuildFile; fileRef = 102CB329256A4461007165BD /* ContentView.swift */; };
		102CB32C256A4461007165BD /* Assets.xcassets in Resources */ = {isa = PBXBuildFile; fileRef = 102CB32B256A4461007165BD /* Assets.xcassets */; };
		102CB32F256A4461007165BD /* Preview Assets.xcassets in Resources */ = {isa = PBXBuildFile; fileRef = 102CB32E256A4461007165BD /* Preview Assets.xcassets */; };
		102CB33A256A4461007165BD /* BoardGameScorerTests.swift in Sources */ = {isa = PBXBuildFile; fileRef = 102CB339256A4461007165BD /* BoardGameScorerTests.swift */; };
		102CB345256A4461007165BD /* BoardGameScorerUITests.swift in Sources */ = {isa = PBXBuildFile; fileRef = 102CB344256A4461007165BD /* BoardGameScorerUITests.swift */; };
		102CB359256A497E007165BD /* SplashView.swift in Sources */ = {isa = PBXBuildFile; fileRef = 102CB358256A497E007165BD /* SplashView.swift */; };
/* End PBXBuildFile section */

/* Begin PBXContainerItemProxy section */
		102CB336256A4461007165BD /* PBXContainerItemProxy */ = {
			isa = PBXContainerItemProxy;
			containerPortal = 102CB31C256A4461007165BD /* Project object */;
			proxyType = 1;
			remoteGlobalIDString = 102CB323256A4461007165BD;
			remoteInfo = BoardGameScorer;
		};
		102CB341256A4461007165BD /* PBXContainerItemProxy */ = {
			isa = PBXContainerItemProxy;
			containerPortal = 102CB31C256A4461007165BD /* Project object */;
			proxyType = 1;
			remoteGlobalIDString = 102CB323256A4461007165BD;
			remoteInfo = BoardGameScorer;
		};
/* End PBXContainerItemProxy section */

/* Begin PBXFileReference section */
		101D1C13256A4E5300B8E103 /* HomeView.swift */ = {isa = PBXFileReference; lastKnownFileType = sourcecode.swift; path = HomeView.swift; sourceTree = "<group>"; };
		101D1C1A256B422F00B8E103 /* ProfileHomeView.swift */ = {isa = PBXFileReference; lastKnownFileType = sourcecode.swift; path = ProfileHomeView.swift; sourceTree = "<group>"; };
		101D1C25256B424300B8E103 /* PlaysHomeView.swift */ = {isa = PBXFileReference; lastKnownFileType = sourcecode.swift; path = PlaysHomeView.swift; sourceTree = "<group>"; };
		101D1C33256B9D0700B8E103 /* LocalPlayersView.swift */ = {isa = PBXFileReference; lastKnownFileType = sourcecode.swift; path = LocalPlayersView.swift; sourceTree = "<group>"; };
		101D1C38256BA65200B8E103 /* SettingView.swift */ = {isa = PBXFileReference; lastKnownFileType = sourcecode.swift; path = SettingView.swift; sourceTree = "<group>"; };
		101D1C48256CA89B00B8E103 /* Player.swift */ = {isa = PBXFileReference; lastKnownFileType = sourcecode.swift; path = Player.swift; sourceTree = "<group>"; };
		101D1C51256CAA2500B8E103 /* StringExtension.swift */ = {isa = PBXFileReference; lastKnownFileType = sourcecode.swift; path = StringExtension.swift; sourceTree = "<group>"; };
		101D1C57256CAAE700B8E103 /* PlayerRow.swift */ = {isa = PBXFileReference; lastKnownFileType = sourcecode.swift; path = PlayerRow.swift; sourceTree = "<group>"; };
		101D1C5F256CAD6600B8E103 /* AvatarView.swift */ = {isa = PBXFileReference; lastKnownFileType = sourcecode.swift; path = AvatarView.swift; sourceTree = "<group>"; };
		101D1C68256CAF5A00B8E103 /* playerPreviewData.json */ = {isa = PBXFileReference; lastKnownFileType = text.json; path = playerPreviewData.json; sourceTree = "<group>"; };
		101D1C7A256CB1E900B8E103 /* Data.swift */ = {isa = PBXFileReference; lastKnownFileType = sourcecode.swift; path = Data.swift; sourceTree = "<group>"; };
		101D1CBE256CD56700B8E103 /* PlayerExtension.swift */ = {isa = PBXFileReference; lastKnownFileType = sourcecode.swift; path = PlayerExtension.swift; sourceTree = "<group>"; };
		102CB324256A4461007165BD /* BoardGameScorer.app */ = {isa = PBXFileReference; explicitFileType = wrapper.application; includeInIndex = 0; path = BoardGameScorer.app; sourceTree = BUILT_PRODUCTS_DIR; };
		102CB327256A4461007165BD /* BoardGameScorerApp.swift */ = {isa = PBXFileReference; lastKnownFileType = sourcecode.swift; path = BoardGameScorerApp.swift; sourceTree = "<group>"; };
		102CB329256A4461007165BD /* ContentView.swift */ = {isa = PBXFileReference; lastKnownFileType = sourcecode.swift; path = ContentView.swift; sourceTree = "<group>"; };
		102CB32B256A4461007165BD /* Assets.xcassets */ = {isa = PBXFileReference; lastKnownFileType = folder.assetcatalog; path = Assets.xcassets; sourceTree = "<group>"; };
		102CB32E256A4461007165BD /* Preview Assets.xcassets */ = {isa = PBXFileReference; lastKnownFileType = folder.assetcatalog; path = "Preview Assets.xcassets"; sourceTree = "<group>"; };
		102CB330256A4461007165BD /* Info.plist */ = {isa = PBXFileReference; lastKnownFileType = text.plist.xml; path = Info.plist; sourceTree = "<group>"; };
		102CB335256A4461007165BD /* BoardGameScorerTests.xctest */ = {isa = PBXFileReference; explicitFileType = wrapper.cfbundle; includeInIndex = 0; path = BoardGameScorerTests.xctest; sourceTree = BUILT_PRODUCTS_DIR; };
		102CB339256A4461007165BD /* BoardGameScorerTests.swift */ = {isa = PBXFileReference; lastKnownFileType = sourcecode.swift; path = BoardGameScorerTests.swift; sourceTree = "<group>"; };
		102CB33B256A4461007165BD /* Info.plist */ = {isa = PBXFileReference; lastKnownFileType = text.plist.xml; path = Info.plist; sourceTree = "<group>"; };
		102CB340256A4461007165BD /* BoardGameScorerUITests.xctest */ = {isa = PBXFileReference; explicitFileType = wrapper.cfbundle; includeInIndex = 0; path = BoardGameScorerUITests.xctest; sourceTree = BUILT_PRODUCTS_DIR; };
		102CB344256A4461007165BD /* BoardGameScorerUITests.swift */ = {isa = PBXFileReference; lastKnownFileType = sourcecode.swift; path = BoardGameScorerUITests.swift; sourceTree = "<group>"; };
		102CB346256A4461007165BD /* Info.plist */ = {isa = PBXFileReference; lastKnownFileType = text.plist.xml; path = Info.plist; sourceTree = "<group>"; };
		102CB358256A497E007165BD /* SplashView.swift */ = {isa = PBXFileReference; lastKnownFileType = sourcecode.swift; path = SplashView.swift; sourceTree = "<group>"; };
/* End PBXFileReference section */

/* Begin PBXFrameworksBuildPhase section */
		102CB321256A4461007165BD /* Frameworks */ = {
			isa = PBXFrameworksBuildPhase;
			buildActionMask = 2147483647;
			files = (
			);
			runOnlyForDeploymentPostprocessing = 0;
		};
		102CB332256A4461007165BD /* Frameworks */ = {
			isa = PBXFrameworksBuildPhase;
			buildActionMask = 2147483647;
			files = (
			);
			runOnlyForDeploymentPostprocessing = 0;
		};
		102CB33D256A4461007165BD /* Frameworks */ = {
			isa = PBXFrameworksBuildPhase;
			buildActionMask = 2147483647;
			files = (
			);
			runOnlyForDeploymentPostprocessing = 0;
		};
/* End PBXFrameworksBuildPhase section */

/* Begin PBXGroup section */
		101D1C18256B41F500B8E103 /* Plays */ = {
			isa = PBXGroup;
			children = (
				101D1C25256B424300B8E103 /* PlaysHomeView.swift */,
			);
			path = Plays;
			sourceTree = "<group>";
		};
		101D1C19256B41FF00B8E103 /* Profile */ = {
			isa = PBXGroup;
			children = (
				101D1C56256CAAD100B8E103 /* LocalPlayers */,
				101D1C33256B9D0700B8E103 /* LocalPlayersView.swift */,
				101D1C1A256B422F00B8E103 /* ProfileHomeView.swift */,
				101D1C38256BA65200B8E103 /* SettingView.swift */,
			);
			path = Profile;
			sourceTree = "<group>";
		};
		101D1C40256CA3E200B8E103 /* Views */ = {
			isa = PBXGroup;
			children = (
				101D1C19256B41FF00B8E103 /* Profile */,
				101D1C18256B41F500B8E103 /* Plays */,
				102CB358256A497E007165BD /* SplashView.swift */,
				101D1C13256A4E5300B8E103 /* HomeView.swift */,
				102CB329256A4461007165BD /* ContentView.swift */,
			);
			path = Views;
			sourceTree = "<group>";
		};
		101D1C47256CA87000B8E103 /* Models */ = {
			isa = PBXGroup;
			children = (
				101D1C48256CA89B00B8E103 /* Player.swift */,
				101D1C7A256CB1E900B8E103 /* Data.swift */,
			);
			path = Models;
			sourceTree = "<group>";
		};
		101D1C50256CAA0900B8E103 /* Utils */ = {
			isa = PBXGroup;
			children = (
				101D1C51256CAA2500B8E103 /* StringExtension.swift */,
			);
			path = Utils;
			sourceTree = "<group>";
		};
		101D1C56256CAAD100B8E103 /* LocalPlayers */ = {
			isa = PBXGroup;
			children = (
				101D1C57256CAAE700B8E103 /* PlayerRow.swift */,
				101D1C5F256CAD6600B8E103 /* AvatarView.swift */,
			);
			path = LocalPlayers;
			sourceTree = "<group>";
		};
		101D1C67256CAF3C00B8E103 /* Resources */ = {
			isa = PBXGroup;
			children = (
				101D1C68256CAF5A00B8E103 /* playerPreviewData.json */,
			);
			path = Resources;
			sourceTree = "<group>";
		};
		101D1CBD256CD55100B8E103 /* Models */ = {
			isa = PBXGroup;
			children = (
				101D1CBE256CD56700B8E103 /* PlayerExtension.swift */,
			);
			path = Models;
			sourceTree = "<group>";
		};
		102CB31B256A4461007165BD = {
			isa = PBXGroup;
			children = (
				102CB326256A4461007165BD /* BoardGameScorer */,
				102CB338256A4461007165BD /* BoardGameScorerTests */,
				102CB343256A4461007165BD /* BoardGameScorerUITests */,
				102CB325256A4461007165BD /* Products */,
			);
			sourceTree = "<group>";
		};
		102CB325256A4461007165BD /* Products */ = {
			isa = PBXGroup;
			children = (
				102CB324256A4461007165BD /* BoardGameScorer.app */,
				102CB335256A4461007165BD /* BoardGameScorerTests.xctest */,
				102CB340256A4461007165BD /* BoardGameScorerUITests.xctest */,
			);
			name = Products;
			sourceTree = "<group>";
		};
		102CB326256A4461007165BD /* BoardGameScorer */ = {
			isa = PBXGroup;
			children = (
				101D1C40256CA3E200B8E103 /* Views */,
				101D1C47256CA87000B8E103 /* Models */,
				101D1C50256CAA0900B8E103 /* Utils */,
				102CB327256A4461007165BD /* BoardGameScorerApp.swift */,
				102CB32B256A4461007165BD /* Assets.xcassets */,
				102CB330256A4461007165BD /* Info.plist */,
				102CB32D256A4461007165BD /* Preview Content */,
			);
			path = BoardGameScorer;
			sourceTree = "<group>";
		};
		102CB32D256A4461007165BD /* Preview Content */ = {
			isa = PBXGroup;
			children = (
				101D1CBD256CD55100B8E103 /* Models */,
				101D1C67256CAF3C00B8E103 /* Resources */,
				102CB32E256A4461007165BD /* Preview Assets.xcassets */,
			);
			path = "Preview Content";
			sourceTree = "<group>";
		};
		102CB338256A4461007165BD /* BoardGameScorerTests */ = {
			isa = PBXGroup;
			children = (
				102CB339256A4461007165BD /* BoardGameScorerTests.swift */,
				102CB33B256A4461007165BD /* Info.plist */,
			);
			path = BoardGameScorerTests;
			sourceTree = "<group>";
		};
		102CB343256A4461007165BD /* BoardGameScorerUITests */ = {
			isa = PBXGroup;
			children = (
				102CB344256A4461007165BD /* BoardGameScorerUITests.swift */,
				102CB346256A4461007165BD /* Info.plist */,
			);
			path = BoardGameScorerUITests;
			sourceTree = "<group>";
		};
/* End PBXGroup section */

/* Begin PBXNativeTarget section */
		102CB323256A4461007165BD /* BoardGameScorer */ = {
			isa = PBXNativeTarget;
			buildConfigurationList = 102CB349256A4461007165BD /* Build configuration list for PBXNativeTarget "BoardGameScorer" */;
			buildPhases = (
				102CB320256A4461007165BD /* Sources */,
				102CB321256A4461007165BD /* Frameworks */,
				102CB322256A4461007165BD /* Resources */,
			);
			buildRules = (
			);
			dependencies = (
			);
			name = BoardGameScorer;
			productName = BoardGameScorer;
			productReference = 102CB324256A4461007165BD /* BoardGameScorer.app */;
			productType = "com.apple.product-type.application";
		};
		102CB334256A4461007165BD /* BoardGameScorerTests */ = {
			isa = PBXNativeTarget;
			buildConfigurationList = 102CB34C256A4461007165BD /* Build configuration list for PBXNativeTarget "BoardGameScorerTests" */;
			buildPhases = (
				102CB331256A4461007165BD /* Sources */,
				102CB332256A4461007165BD /* Frameworks */,
				102CB333256A4461007165BD /* Resources */,
			);
			buildRules = (
			);
			dependencies = (
				102CB337256A4461007165BD /* PBXTargetDependency */,
			);
			name = BoardGameScorerTests;
			productName = BoardGameScorerTests;
			productReference = 102CB335256A4461007165BD /* BoardGameScorerTests.xctest */;
			productType = "com.apple.product-type.bundle.unit-test";
		};
		102CB33F256A4461007165BD /* BoardGameScorerUITests */ = {
			isa = PBXNativeTarget;
			buildConfigurationList = 102CB34F256A4461007165BD /* Build configuration list for PBXNativeTarget "BoardGameScorerUITests" */;
			buildPhases = (
				102CB33C256A4461007165BD /* Sources */,
				102CB33D256A4461007165BD /* Frameworks */,
				102CB33E256A4461007165BD /* Resources */,
			);
			buildRules = (
			);
			dependencies = (
				102CB342256A4461007165BD /* PBXTargetDependency */,
			);
			name = BoardGameScorerUITests;
			productName = BoardGameScorerUITests;
			productReference = 102CB340256A4461007165BD /* BoardGameScorerUITests.xctest */;
			productType = "com.apple.product-type.bundle.ui-testing";
		};
/* End PBXNativeTarget section */

/* Begin PBXProject section */
		102CB31C256A4461007165BD /* Project object */ = {
			isa = PBXProject;
			attributes = {
				LastSwiftUpdateCheck = 1220;
				LastUpgradeCheck = 1220;
				TargetAttributes = {
					102CB323256A4461007165BD = {
						CreatedOnToolsVersion = 12.2;
					};
					102CB334256A4461007165BD = {
						CreatedOnToolsVersion = 12.2;
						TestTargetID = 102CB323256A4461007165BD;
					};
					102CB33F256A4461007165BD = {
						CreatedOnToolsVersion = 12.2;
						TestTargetID = 102CB323256A4461007165BD;
					};
				};
			};
			buildConfigurationList = 102CB31F256A4461007165BD /* Build configuration list for PBXProject "BoardGameScorer" */;
			compatibilityVersion = "Xcode 9.3";
			developmentRegion = en;
			hasScannedForEncodings = 0;
			knownRegions = (
				en,
				Base,
			);
			mainGroup = 102CB31B256A4461007165BD;
			productRefGroup = 102CB325256A4461007165BD /* Products */;
			projectDirPath = "";
			projectRoot = "";
			targets = (
				102CB323256A4461007165BD /* BoardGameScorer */,
				102CB334256A4461007165BD /* BoardGameScorerTests */,
				102CB33F256A4461007165BD /* BoardGameScorerUITests */,
			);
		};
/* End PBXProject section */

/* Begin PBXResourcesBuildPhase section */
		102CB322256A4461007165BD /* Resources */ = {
			isa = PBXResourcesBuildPhase;
			buildActionMask = 2147483647;
			files = (
				101D1CB9256CD51700B8E103 /* playerPreviewData.json in Resources */,
				102CB32F256A4461007165BD /* Preview Assets.xcassets in Resources */,
				102CB32C256A4461007165BD /* Assets.xcassets in Resources */,
			);
			runOnlyForDeploymentPostprocessing = 0;
		};
		102CB333256A4461007165BD /* Resources */ = {
			isa = PBXResourcesBuildPhase;
			buildActionMask = 2147483647;
			files = (
			);
			runOnlyForDeploymentPostprocessing = 0;
		};
		102CB33E256A4461007165BD /* Resources */ = {
			isa = PBXResourcesBuildPhase;
			buildActionMask = 2147483647;
			files = (
			);
			runOnlyForDeploymentPostprocessing = 0;
		};
/* End PBXResourcesBuildPhase section */

/* Begin PBXSourcesBuildPhase section */
		102CB320256A4461007165BD /* Sources */ = {
			isa = PBXSourcesBuildPhase;
			buildActionMask = 2147483647;
			files = (
				102CB32A256A4461007165BD /* ContentView.swift in Sources */,
				101D1C60256CAD6600B8E103 /* AvatarView.swift in Sources */,
				101D1C14256A4E5300B8E103 /* HomeView.swift in Sources */,
				101D1C52256CAA2500B8E103 /* StringExtension.swift in Sources */,
				101D1C1B256B422F00B8E103 /* ProfileHomeView.swift in Sources */,
				102CB328256A4461007165BD /* BoardGameScorerApp.swift in Sources */,
				101D1C26256B424300B8E103 /* PlaysHomeView.swift in Sources */,
				101D1C7B256CB1E900B8E103 /* Data.swift in Sources */,
				101D1C39256BA65200B8E103 /* SettingView.swift in Sources */,
				102CB359256A497E007165BD /* SplashView.swift in Sources */,
				101D1C49256CA89B00B8E103 /* Player.swift in Sources */,
				101D1C58256CAAE700B8E103 /* PlayerRow.swift in Sources */,
				101D1CBF256CD56700B8E103 /* PlayerExtension.swift in Sources */,
				101D1C34256B9D0700B8E103 /* LocalPlayersView.swift in Sources */,
			);
			runOnlyForDeploymentPostprocessing = 0;
		};
		102CB331256A4461007165BD /* Sources */ = {
			isa = PBXSourcesBuildPhase;
			buildActionMask = 2147483647;
			files = (
				102CB33A256A4461007165BD /* BoardGameScorerTests.swift in Sources */,
			);
			runOnlyForDeploymentPostprocessing = 0;
		};
		102CB33C256A4461007165BD /* Sources */ = {
			isa = PBXSourcesBuildPhase;
			buildActionMask = 2147483647;
			files = (
				102CB345256A4461007165BD /* BoardGameScorerUITests.swift in Sources */,
			);
			runOnlyForDeploymentPostprocessing = 0;
		};
/* End PBXSourcesBuildPhase section */

/* Begin PBXTargetDependency section */
		102CB337256A4461007165BD /* PBXTargetDependency */ = {
			isa = PBXTargetDependency;
			target = 102CB323256A4461007165BD /* BoardGameScorer */;
			targetProxy = 102CB336256A4461007165BD /* PBXContainerItemProxy */;
		};
		102CB342256A4461007165BD /* PBXTargetDependency */ = {
			isa = PBXTargetDependency;
			target = 102CB323256A4461007165BD /* BoardGameScorer */;
			targetProxy = 102CB341256A4461007165BD /* PBXContainerItemProxy */;
		};
/* End PBXTargetDependency section */

/* Begin XCBuildConfiguration section */
		102CB347256A4461007165BD /* Debug */ = {
			isa = XCBuildConfiguration;
			buildSettings = {
				ALWAYS_SEARCH_USER_PATHS = NO;
				CLANG_ANALYZER_NONNULL = YES;
				CLANG_ANALYZER_NUMBER_OBJECT_CONVERSION = YES_AGGRESSIVE;
				CLANG_CXX_LANGUAGE_STANDARD = "gnu++14";
				CLANG_CXX_LIBRARY = "libc++";
				CLANG_ENABLE_MODULES = YES;
				CLANG_ENABLE_OBJC_ARC = YES;
				CLANG_ENABLE_OBJC_WEAK = YES;
				CLANG_WARN_BLOCK_CAPTURE_AUTORELEASING = YES;
				CLANG_WARN_BOOL_CONVERSION = YES;
				CLANG_WARN_COMMA = YES;
				CLANG_WARN_CONSTANT_CONVERSION = YES;
				CLANG_WARN_DEPRECATED_OBJC_IMPLEMENTATIONS = YES;
				CLANG_WARN_DIRECT_OBJC_ISA_USAGE = YES_ERROR;
				CLANG_WARN_DOCUMENTATION_COMMENTS = YES;
				CLANG_WARN_EMPTY_BODY = YES;
				CLANG_WARN_ENUM_CONVERSION = YES;
				CLANG_WARN_INFINITE_RECURSION = YES;
				CLANG_WARN_INT_CONVERSION = YES;
				CLANG_WARN_NON_LITERAL_NULL_CONVERSION = YES;
				CLANG_WARN_OBJC_IMPLICIT_RETAIN_SELF = YES;
				CLANG_WARN_OBJC_LITERAL_CONVERSION = YES;
				CLANG_WARN_OBJC_ROOT_CLASS = YES_ERROR;
				CLANG_WARN_QUOTED_INCLUDE_IN_FRAMEWORK_HEADER = YES;
				CLANG_WARN_RANGE_LOOP_ANALYSIS = YES;
				CLANG_WARN_STRICT_PROTOTYPES = YES;
				CLANG_WARN_SUSPICIOUS_MOVE = YES;
				CLANG_WARN_UNGUARDED_AVAILABILITY = YES_AGGRESSIVE;
				CLANG_WARN_UNREACHABLE_CODE = YES;
				CLANG_WARN__DUPLICATE_METHOD_MATCH = YES;
				COPY_PHASE_STRIP = NO;
				DEBUG_INFORMATION_FORMAT = dwarf;
				ENABLE_STRICT_OBJC_MSGSEND = YES;
				ENABLE_TESTABILITY = YES;
				GCC_C_LANGUAGE_STANDARD = gnu11;
				GCC_DYNAMIC_NO_PIC = NO;
				GCC_NO_COMMON_BLOCKS = YES;
				GCC_OPTIMIZATION_LEVEL = 0;
				GCC_PREPROCESSOR_DEFINITIONS = (
					"DEBUG=1",
					"$(inherited)",
				);
				GCC_WARN_64_TO_32_BIT_CONVERSION = YES;
				GCC_WARN_ABOUT_RETURN_TYPE = YES_ERROR;
				GCC_WARN_UNDECLARED_SELECTOR = YES;
				GCC_WARN_UNINITIALIZED_AUTOS = YES_AGGRESSIVE;
				GCC_WARN_UNUSED_FUNCTION = YES;
				GCC_WARN_UNUSED_VARIABLE = YES;
				IPHONEOS_DEPLOYMENT_TARGET = 14.2;
				MTL_ENABLE_DEBUG_INFO = INCLUDE_SOURCE;
				MTL_FAST_MATH = YES;
				ONLY_ACTIVE_ARCH = YES;
				SDKROOT = iphoneos;
				SWIFT_ACTIVE_COMPILATION_CONDITIONS = DEBUG;
				SWIFT_OPTIMIZATION_LEVEL = "-Onone";
			};
			name = Debug;
		};
		102CB348256A4461007165BD /* Release */ = {
			isa = XCBuildConfiguration;
			buildSettings = {
				ALWAYS_SEARCH_USER_PATHS = NO;
				CLANG_ANALYZER_NONNULL = YES;
				CLANG_ANALYZER_NUMBER_OBJECT_CONVERSION = YES_AGGRESSIVE;
				CLANG_CXX_LANGUAGE_STANDARD = "gnu++14";
				CLANG_CXX_LIBRARY = "libc++";
				CLANG_ENABLE_MODULES = YES;
				CLANG_ENABLE_OBJC_ARC = YES;
				CLANG_ENABLE_OBJC_WEAK = YES;
				CLANG_WARN_BLOCK_CAPTURE_AUTORELEASING = YES;
				CLANG_WARN_BOOL_CONVERSION = YES;
				CLANG_WARN_COMMA = YES;
				CLANG_WARN_CONSTANT_CONVERSION = YES;
				CLANG_WARN_DEPRECATED_OBJC_IMPLEMENTATIONS = YES;
				CLANG_WARN_DIRECT_OBJC_ISA_USAGE = YES_ERROR;
				CLANG_WARN_DOCUMENTATION_COMMENTS = YES;
				CLANG_WARN_EMPTY_BODY = YES;
				CLANG_WARN_ENUM_CONVERSION = YES;
				CLANG_WARN_INFINITE_RECURSION = YES;
				CLANG_WARN_INT_CONVERSION = YES;
				CLANG_WARN_NON_LITERAL_NULL_CONVERSION = YES;
				CLANG_WARN_OBJC_IMPLICIT_RETAIN_SELF = YES;
				CLANG_WARN_OBJC_LITERAL_CONVERSION = YES;
				CLANG_WARN_OBJC_ROOT_CLASS = YES_ERROR;
				CLANG_WARN_QUOTED_INCLUDE_IN_FRAMEWORK_HEADER = YES;
				CLANG_WARN_RANGE_LOOP_ANALYSIS = YES;
				CLANG_WARN_STRICT_PROTOTYPES = YES;
				CLANG_WARN_SUSPICIOUS_MOVE = YES;
				CLANG_WARN_UNGUARDED_AVAILABILITY = YES_AGGRESSIVE;
				CLANG_WARN_UNREACHABLE_CODE = YES;
				CLANG_WARN__DUPLICATE_METHOD_MATCH = YES;
				COPY_PHASE_STRIP = NO;
				DEBUG_INFORMATION_FORMAT = "dwarf-with-dsym";
				ENABLE_NS_ASSERTIONS = NO;
				ENABLE_STRICT_OBJC_MSGSEND = YES;
				GCC_C_LANGUAGE_STANDARD = gnu11;
				GCC_NO_COMMON_BLOCKS = YES;
				GCC_WARN_64_TO_32_BIT_CONVERSION = YES;
				GCC_WARN_ABOUT_RETURN_TYPE = YES_ERROR;
				GCC_WARN_UNDECLARED_SELECTOR = YES;
				GCC_WARN_UNINITIALIZED_AUTOS = YES_AGGRESSIVE;
				GCC_WARN_UNUSED_FUNCTION = YES;
				GCC_WARN_UNUSED_VARIABLE = YES;
				IPHONEOS_DEPLOYMENT_TARGET = 14.2;
				MTL_ENABLE_DEBUG_INFO = NO;
				MTL_FAST_MATH = YES;
				SDKROOT = iphoneos;
				SWIFT_COMPILATION_MODE = wholemodule;
				SWIFT_OPTIMIZATION_LEVEL = "-O";
				VALIDATE_PRODUCT = YES;
			};
			name = Release;
		};
		102CB34A256A4461007165BD /* Debug */ = {
			isa = XCBuildConfiguration;
			buildSettings = {
				ASSETCATALOG_COMPILER_APPICON_NAME = AppIcon;
				ASSETCATALOG_COMPILER_GLOBAL_ACCENT_COLOR_NAME = AccentColor;
				CODE_SIGN_STYLE = Automatic;
				DEVELOPMENT_ASSET_PATHS = "\"BoardGameScorer/Preview Content\"";
				ENABLE_PREVIEWS = YES;
				INFOPLIST_FILE = BoardGameScorer/Info.plist;
				IPHONEOS_DEPLOYMENT_TARGET = 14.0;
				LD_RUNPATH_SEARCH_PATHS = (
					"$(inherited)",
					"@executable_path/Frameworks",
				);
				PRODUCT_BUNDLE_IDENTIFIER = BigEgg.BoardGameScorer;
				PRODUCT_NAME = "$(TARGET_NAME)";
				SWIFT_VERSION = 5.0;
				TARGETED_DEVICE_FAMILY = 1;
			};
			name = Debug;
		};
		102CB34B256A4461007165BD /* Release */ = {
			isa = XCBuildConfiguration;
			buildSettings = {
				ASSETCATALOG_COMPILER_APPICON_NAME = AppIcon;
				ASSETCATALOG_COMPILER_GLOBAL_ACCENT_COLOR_NAME = AccentColor;
				CODE_SIGN_STYLE = Automatic;
				DEVELOPMENT_ASSET_PATHS = "\"BoardGameScorer/Preview Content\"";
				ENABLE_PREVIEWS = YES;
				INFOPLIST_FILE = BoardGameScorer/Info.plist;
				IPHONEOS_DEPLOYMENT_TARGET = 14.0;
				LD_RUNPATH_SEARCH_PATHS = (
					"$(inherited)",
					"@executable_path/Frameworks",
				);
				PRODUCT_BUNDLE_IDENTIFIER = BigEgg.BoardGameScorer;
				PRODUCT_NAME = "$(TARGET_NAME)";
				SWIFT_VERSION = 5.0;
				TARGETED_DEVICE_FAMILY = 1;
			};
			name = Release;
		};
		102CB34D256A4461007165BD /* Debug */ = {
			isa = XCBuildConfiguration;
			buildSettings = {
				ALWAYS_EMBED_SWIFT_STANDARD_LIBRARIES = YES;
				BUNDLE_LOADER = "$(TEST_HOST)";
				CODE_SIGN_STYLE = Automatic;
				INFOPLIST_FILE = BoardGameScorerTests/Info.plist;
				IPHONEOS_DEPLOYMENT_TARGET = 14.0;
				LD_RUNPATH_SEARCH_PATHS = (
					"$(inherited)",
					"@executable_path/Frameworks",
					"@loader_path/Frameworks",
				);
				PRODUCT_BUNDLE_IDENTIFIER = BigEgg.BoardGameScorerTests;
				PRODUCT_NAME = "$(TARGET_NAME)";
				SWIFT_VERSION = 5.0;
				TARGETED_DEVICE_FAMILY = "1,2";
				TEST_HOST = "$(BUILT_PRODUCTS_DIR)/BoardGameScorer.app/BoardGameScorer";
			};
			name = Debug;
		};
		102CB34E256A4461007165BD /* Release */ = {
			isa = XCBuildConfiguration;
			buildSettings = {
				ALWAYS_EMBED_SWIFT_STANDARD_LIBRARIES = YES;
				BUNDLE_LOADER = "$(TEST_HOST)";
				CODE_SIGN_STYLE = Automatic;
				INFOPLIST_FILE = BoardGameScorerTests/Info.plist;
				IPHONEOS_DEPLOYMENT_TARGET = 14.0;
				LD_RUNPATH_SEARCH_PATHS = (
					"$(inherited)",
					"@executable_path/Frameworks",
					"@loader_path/Frameworks",
				);
				PRODUCT_BUNDLE_IDENTIFIER = BigEgg.BoardGameScorerTests;
				PRODUCT_NAME = "$(TARGET_NAME)";
				SWIFT_VERSION = 5.0;
				TARGETED_DEVICE_FAMILY = "1,2";
				TEST_HOST = "$(BUILT_PRODUCTS_DIR)/BoardGameScorer.app/BoardGameScorer";
			};
			name = Release;
		};
		102CB350256A4461007165BD /* Debug */ = {
			isa = XCBuildConfiguration;
			buildSettings = {
				ALWAYS_EMBED_SWIFT_STANDARD_LIBRARIES = YES;
				CODE_SIGN_STYLE = Automatic;
				INFOPLIST_FILE = BoardGameScorerUITests/Info.plist;
				LD_RUNPATH_SEARCH_PATHS = (
					"$(inherited)",
					"@executable_path/Frameworks",
					"@loader_path/Frameworks",
				);
				PRODUCT_BUNDLE_IDENTIFIER = BigEgg.BoardGameScorerUITests;
				PRODUCT_NAME = "$(TARGET_NAME)";
				SWIFT_VERSION = 5.0;
				TARGETED_DEVICE_FAMILY = "1,2";
				TEST_TARGET_NAME = BoardGameScorer;
			};
			name = Debug;
		};
		102CB351256A4461007165BD /* Release */ = {
			isa = XCBuildConfiguration;
			buildSettings = {
				ALWAYS_EMBED_SWIFT_STANDARD_LIBRARIES = YES;
				CODE_SIGN_STYLE = Automatic;
				INFOPLIST_FILE = BoardGameScorerUITests/Info.plist;
				LD_RUNPATH_SEARCH_PATHS = (
					"$(inherited)",
					"@executable_path/Frameworks",
					"@loader_path/Frameworks",
				);
				PRODUCT_BUNDLE_IDENTIFIER = BigEgg.BoardGameScorerUITests;
				PRODUCT_NAME = "$(TARGET_NAME)";
				SWIFT_VERSION = 5.0;
				TARGETED_DEVICE_FAMILY = "1,2";
				TEST_TARGET_NAME = BoardGameScorer;
			};
			name = Release;
		};
/* End XCBuildConfiguration section */

/* Begin XCConfigurationList section */
		102CB31F256A4461007165BD /* Build configuration list for PBXProject "BoardGameScorer" */ = {
			isa = XCConfigurationList;
			buildConfigurations = (
				102CB347256A4461007165BD /* Debug */,
				102CB348256A4461007165BD /* Release */,
			);
			defaultConfigurationIsVisible = 0;
			defaultConfigurationName = Release;
		};
		102CB349256A4461007165BD /* Build configuration list for PBXNativeTarget "BoardGameScorer" */ = {
			isa = XCConfigurationList;
			buildConfigurations = (
				102CB34A256A4461007165BD /* Debug */,
				102CB34B256A4461007165BD /* Release */,
			);
			defaultConfigurationIsVisible = 0;
			defaultConfigurationName = Release;
		};
		102CB34C256A4461007165BD /* Build configuration list for PBXNativeTarget "BoardGameScorerTests" */ = {
			isa = XCConfigurationList;
			buildConfigurations = (
				102CB34D256A4461007165BD /* Debug */,
				102CB34E256A4461007165BD /* Release */,
			);
			defaultConfigurationIsVisible = 0;
			defaultConfigurationName = Release;
		};
		102CB34F256A4461007165BD /* Build configuration list for PBXNativeTarget "BoardGameScorerUITests" */ = {
			isa = XCConfigurationList;
			buildConfigurations = (
				102CB350256A4461007165BD /* Debug */,
				102CB351256A4461007165BD /* Release */,
			);
			defaultConfigurationIsVisible = 0;
			defaultConfigurationName = Release;
		};
/* End XCConfigurationList section */
	};
	rootObject = 102CB31C256A4461007165BD /* Project object */;
}
